
Microsoft Visual Studio Solution File, Format Version 12.00
# Visual Studio Version 16
VisualStudioVersion = 16.0.29519.181
MinimumVisualStudioVersion = 10.0.40219.1
Project("{9A19103F-16F7-4668-BE54-9A1E7A4F7556}") = "FastFileSend.Main", "FastFileSend.Main\FastFileSend.Main.csproj", "{43C92482-7A7B-41AB-9414-E950D814ECDD}"
EndProject
Project("{FAE04EC0-301F-11D3-BF4B-00C04F79EFBC}") = "FastFileSend.Tests", "FastFileSend.Tests\FastFileSend.Tests.csproj", "{16A4B409-6CD6-4214-91AA-92B96741931F}"
EndProject
Project("{FAE04EC0-301F-11D3-BF4B-00C04F79EFBC}") = "FastFileSend.Web", "FastFileSend.Web\FastFileSend.Web.csproj", "{BB7AA224-8986-492F-A4F0-8C7BD3F48B47}"
EndProject
Global
	GlobalSection(SolutionConfigurationPlatforms) = preSolution
		Debug|Any CPU = Debug|Any CPU
		Release|Any CPU = Release|Any CPU
	EndGlobalSection
	GlobalSection(ProjectConfigurationPlatforms) = postSolution
		{43C92482-7A7B-41AB-9414-E950D814ECDD}.Debug|Any CPU.ActiveCfg = Debug|Any CPU
		{43C92482-7A7B-41AB-9414-E950D814ECDD}.Debug|Any CPU.Build.0 = Debug|Any CPU
		{43C92482-7A7B-41AB-9414-E950D814ECDD}.Release|Any CPU.ActiveCfg = Release|Any CPU
		{43C92482-7A7B-41AB-9414-E950D814ECDD}.Release|Any CPU.Build.0 = Release|Any CPU
		{16A4B409-6CD6-4214-91AA-92B96741931F}.Debug|Any CPU.ActiveCfg = Debug|Any CPU
		{16A4B409-6CD6-4214-91AA-92B96741931F}.Debug|Any CPU.Build.0 = Debug|Any CPU
		{16A4B409-6CD6-4214-91AA-92B96741931F}.Release|Any CPU.ActiveCfg = Release|Any CPU
		{16A4B409-6CD6-4214-91AA-92B96741931F}.Release|Any CPU.Build.0 = Release|Any CPU
		{BB7AA224-8986-492F-A4F0-8C7BD3F48B47}.Debug|Any CPU.ActiveCfg = Debug|Any CPU
		{BB7AA224-8986-492F-A4F0-8C7BD3F48B47}.Debug|Any CPU.Build.0 = Debug|Any CPU
		{BB7AA224-8986-492F-A4F0-8C7BD3F48B47}.Release|Any CPU.ActiveCfg = Release|Any CPU
		{BB7AA224-8986-492F-A4F0-8C7BD3F48B47}.Release|Any CPU.Build.0 = Release|Any CPU
	EndGlobalSection
	GlobalSection(SolutionProperties) = preSolution
		HideSolutionNode = FALSE
	EndGlobalSection
	GlobalSection(ExtensibilityGlobals) = postSolution
		SolutionGuid = {BD4F5DEA-DFAF-48F5-A557-928DC3256681}
	EndGlobalSection
EndGlobal
